
Microsoft Visual Studio Solution File, Format Version 12.00
# Visual Studio 2012
Project("{FAE04EC0-301F-11D3-BF4B-00C04F79EFBC}") = "csv_merge", "csv_merge\csv_merge.csproj", "{F43CAB60-F563-467C-B513-7CEA2D2E2A2D}"
EndProject
Global
	GlobalSection(SolutionConfigurationPlatforms) = preSolution
		Debug|Any CPU = Debug|Any CPU
		Release|Any CPU = Release|Any CPU
	EndGlobalSection
	GlobalSection(ProjectConfigurationPlatforms) = postSolution
		{F43CAB60-F563-467C-B513-7CEA2D2E2A2D}.Debug|Any CPU.ActiveCfg = Debug|Any CPU
		{F43CAB60-F563-467C-B513-7CEA2D2E2A2D}.Debug|Any CPU.Build.0 = Debug|Any CPU
		{F43CAB60-F563-467C-B513-7CEA2D2E2A2D}.Release|Any CPU.ActiveCfg = Release|Any CPU
		{F43CAB60-F563-467C-B513-7CEA2D2E2A2D}.Release|Any CPU.Build.0 = Release|Any CPU
	EndGlobalSection
EndGlobal
